
Microsoft Visual Studio Solution File, Format Version 12.00
# Visual Studio 15
VisualStudioVersion = 15.0.27428.2015
MinimumVisualStudioVersion = 10.0.40219.1
Project("{FAE04EC0-301F-11D3-BF4B-00C04F79EFBC}") = "ConsoleApp9", "ConsoleApp9\ConsoleApp9.csproj", "{77D3C88B-C591-4A9D-90BD-71A91449676C}"
EndProject
Global
	GlobalSection(SolutionConfigurationPlatforms) = preSolution
		Debug|Any CPU = Debug|Any CPU
		Release|Any CPU = Release|Any CPU
	EndGlobalSection
	GlobalSection(ProjectConfigurationPlatforms) = postSolution
		{77D3C88B-C591-4A9D-90BD-71A91449676C}.Debug|Any CPU.ActiveCfg = Debug|Any CPU
		{77D3C88B-C591-4A9D-90BD-71A91449676C}.Debug|Any CPU.Build.0 = Debug|Any CPU
		{77D3C88B-C591-4A9D-90BD-71A91449676C}.Release|Any CPU.ActiveCfg = Release|Any CPU
		{77D3C88B-C591-4A9D-90BD-71A91449676C}.Release|Any CPU.Build.0 = Release|Any CPU
	EndGlobalSection
	GlobalSection(SolutionProperties) = preSolution
		HideSolutionNode = FALSE
	EndGlobalSection
	GlobalSection(ExtensibilityGlobals) = postSolution
		EnterpriseLibraryConfigurationToolBinariesPathV6 = packages\EnterpriseLibrary.TransientFaultHandling.6.0.1304.0\lib\portable-net45+win+wp8
		SolutionGuid = {0EC576AB-6D88-44F1-B562-687A5776853E}
	EndGlobalSection
EndGlobal
