
Microsoft Visual Studio Solution File, Format Version 12.00
# Visual Studio 15
VisualStudioVersion = 15.0.27428.2015
MinimumVisualStudioVersion = 10.0.40219.1
Project("{FAE04EC0-301F-11D3-BF4B-00C04F79EFBC}") = "DeviceTwinDemo", "DeviceTwinDemo\DeviceTwinDemo.csproj", "{2E160C7C-2AD7-4A6D-A86C-CF7E3564CF0F}"
EndProject
Global
	GlobalSection(SolutionConfigurationPlatforms) = preSolution
		Debug|Any CPU = Debug|Any CPU
		Release|Any CPU = Release|Any CPU
	EndGlobalSection
	GlobalSection(ProjectConfigurationPlatforms) = postSolution
		{2E160C7C-2AD7-4A6D-A86C-CF7E3564CF0F}.Debug|Any CPU.ActiveCfg = Debug|Any CPU
		{2E160C7C-2AD7-4A6D-A86C-CF7E3564CF0F}.Debug|Any CPU.Build.0 = Debug|Any CPU
		{2E160C7C-2AD7-4A6D-A86C-CF7E3564CF0F}.Release|Any CPU.ActiveCfg = Release|Any CPU
		{2E160C7C-2AD7-4A6D-A86C-CF7E3564CF0F}.Release|Any CPU.Build.0 = Release|Any CPU
	EndGlobalSection
	GlobalSection(SolutionProperties) = preSolution
		HideSolutionNode = FALSE
	EndGlobalSection
	GlobalSection(ExtensibilityGlobals) = postSolution
		SolutionGuid = {DE7FAA76-81CE-41C3-B3C1-45A97CEBEF9A}
	EndGlobalSection
EndGlobal
